// !$*UTF8*$!
{
	archiveVersion = 1;
	classes = {
	};
	objectVersion = 50;
	objects = {

/* Begin PBXBuildFile section */
		E741174125F3EB4B00CB406C /* AppDelegate.swift in Sources */ = {isa = PBXBuildFile; fileRef = E741174025F3EB4B00CB406C /* AppDelegate.swift */; };
		E741174325F3EB4B00CB406C /* SceneDelegate.swift in Sources */ = {isa = PBXBuildFile; fileRef = E741174225F3EB4B00CB406C /* SceneDelegate.swift */; };
		E741174525F3EB4B00CB406C /* ViewController.swift in Sources */ = {isa = PBXBuildFile; fileRef = E741174425F3EB4B00CB406C /* ViewController.swift */; };
		E741174825F3EB4B00CB406C /* Main.storyboard in Resources */ = {isa = PBXBuildFile; fileRef = E741174625F3EB4B00CB406C /* Main.storyboard */; };
		E741174A25F3EB4B00CB406C /* Assets.xcassets in Resources */ = {isa = PBXBuildFile; fileRef = E741174925F3EB4B00CB406C /* Assets.xcassets */; };
		E741174D25F3EB4B00CB406C /* LaunchScreen.storyboard in Resources */ = {isa = PBXBuildFile; fileRef = E741174B25F3EB4B00CB406C /* LaunchScreen.storyboard */; };
/* End PBXBuildFile section */

/* Begin PBXFileReference section */
		E741173D25F3EB4B00CB406C /* BullseyeDay4.app */ = {isa = PBXFileReference; explicitFileType = wrapper.application; includeInIndex = 0; path = BullseyeDay4.app; sourceTree = BUILT_PRODUCTS_DIR; };
		E741174025F3EB4B00CB406C /* AppDelegate.swift */ = {isa = PBXFileReference; lastKnownFileType = sourcecode.swift; path = AppDelegate.swift; sourceTree = "<group>"; };
		E741174225F3EB4B00CB406C /* SceneDelegate.swift */ = {isa = PBXFileReference; lastKnownFileType = sourcecode.swift; path = SceneDelegate.swift; sourceTree = "<group>"; };
		E741174425F3EB4B00CB406C /* ViewController.swift */ = {isa = PBXFileReference; lastKnownFileType = sourcecode.swift; path = ViewController.swift; sourceTree = "<group>"; };
		E741174725F3EB4B00CB406C /* Base */ = {isa = PBXFileReference; lastKnownFileType = file.storyboard; name = Base; path = Base.lproj/Main.storyboard; sourceTree = "<group>"; };
		E741174925F3EB4B00CB406C /* Assets.xcassets */ = {isa = PBXFileReference; lastKnownFileType = folder.assetcatalog; path = Assets.xcassets; sourceTree = "<group>"; };
		E741174C25F3EB4B00CB406C /* Base */ = {isa = PBXFileReference; lastKnownFileType = file.storyboard; name = Base; path = Base.lproj/LaunchScreen.storyboard; sourceTree = "<group>"; };
		E741174E25F3EB4B00CB406C /* Info.plist */ = {isa = PBXFileReference; lastKnownFileType = text.plist.xml; path = Info.plist; sourceTree = "<group>"; };
/* End PBXFileReference section */

/* Begin PBXFrameworksBuildPhase section */
		E741173A25F3EB4B00CB406C /* Frameworks */ = {
			isa = PBXFrameworksBuildPhase;
			buildActionMask = 2147483647;
			files = (
			);
			runOnlyForDeploymentPostprocessing = 0;
		};
/* End PBXFrameworksBuildPhase section */

/* Begin PBXGroup section */
		E741173425F3EB4A00CB406C = {
			isa = PBXGroup;
			children = (
				E741173F25F3EB4B00CB406C /* BullseyeDay4 */,
				E741173E25F3EB4B00CB406C /* Products */,
			);
			sourceTree = "<group>";
		};
		E741173E25F3EB4B00CB406C /* Products */ = {
			isa = PBXGroup;
			children = (
				E741173D25F3EB4B00CB406C /* BullseyeDay4.app */,
			);
			name = Products;
			sourceTree = "<group>";
		};
		E741173F25F3EB4B00CB406C /* BullseyeDay4 */ = {
			isa = PBXGroup;
			children = (
				E741174025F3EB4B00CB406C /* AppDelegate.swift */,
				E741174225F3EB4B00CB406C /* SceneDelegate.swift */,
				E741174425F3EB4B00CB406C /* ViewController.swift */,
				E741174625F3EB4B00CB406C /* Main.storyboard */,
				E741174925F3EB4B00CB406C /* Assets.xcassets */,
				E741174B25F3EB4B00CB406C /* LaunchScreen.storyboard */,
				E741174E25F3EB4B00CB406C /* Info.plist */,
			);
			path = BullseyeDay4;
			sourceTree = "<group>";
		};
/* End PBXGroup section */

/* Begin PBXNativeTarget section */
		E741173C25F3EB4B00CB406C /* BullseyeDay4 */ = {
			isa = PBXNativeTarget;
			buildConfigurationList = E741175125F3EB4B00CB406C /* Build configuration list for PBXNativeTarget "BullseyeDay4" */;
			buildPhases = (
				E741173925F3EB4B00CB406C /* Sources */,
				E741173A25F3EB4B00CB406C /* Frameworks */,
				E741173B25F3EB4B00CB406C /* Resources */,
			);
			buildRules = (
			);
			dependencies = (
			);
			name = BullseyeDay4;
			productName = BullseyeDay4;
			productReference = E741173D25F3EB4B00CB406C /* BullseyeDay4.app */;
			productType = "com.apple.product-type.application";
		};
/* End PBXNativeTarget section */

/* Begin PBXProject section */
		E741173525F3EB4A00CB406C /* Project object */ = {
			isa = PBXProject;
			attributes = {
				LastSwiftUpdateCheck = 1240;
				LastUpgradeCheck = 1240;
				TargetAttributes = {
					E741173C25F3EB4B00CB406C = {
						CreatedOnToolsVersion = 12.4;
					};
				};
			};
			buildConfigurationList = E741173825F3EB4A00CB406C /* Build configuration list for PBXProject "BullseyeDay4" */;
			compatibilityVersion = "Xcode 9.3";
			developmentRegion = en;
			hasScannedForEncodings = 0;
			knownRegions = (
				en,
				Base,
			);
			mainGroup = E741173425F3EB4A00CB406C;
			productRefGroup = E741173E25F3EB4B00CB406C /* Products */;
			projectDirPath = "";
			projectRoot = "";
			targets = (
				E741173C25F3EB4B00CB406C /* BullseyeDay4 */,
			);
		};
/* End PBXProject section */

/* Begin PBXResourcesBuildPhase section */
		E741173B25F3EB4B00CB406C /* Resources */ = {
			isa = PBXResourcesBuildPhase;
			buildActionMask = 2147483647;
			files = (
				E741174D25F3EB4B00CB406C /* LaunchScreen.storyboard in Resources */,
				E741174A25F3EB4B00CB406C /* Assets.xcassets in Resources */,
				E741174825F3EB4B00CB406C /* Main.storyboard in Resources */,
			);
			runOnlyForDeploymentPostprocessing = 0;
		};
/* End PBXResourcesBuildPhase section */

/* Begin PBXSourcesBuildPhase section */
		E741173925F3EB4B00CB406C /* Sources */ = {
			isa = PBXSourcesBuildPhase;
			buildActionMask = 2147483647;
			files = (
				E741174525F3EB4B00CB406C /* ViewController.swift in Sources */,
				E741174125F3EB4B00CB406C /* AppDelegate.swift in Sources */,
				E741174325F3EB4B00CB406C /* SceneDelegate.swift in Sources */,
			);
			runOnlyForDeploymentPostprocessing = 0;
		};
/* End PBXSourcesBuildPhase section */

/* Begin PBXVariantGroup section */
		E741174625F3EB4B00CB406C /* Main.storyboard */ = {
			isa = PBXVariantGroup;
			children = (
				E741174725F3EB4B00CB406C /* Base */,
			);
			name = Main.storyboard;
			sourceTree = "<group>";
		};
		E741174B25F3EB4B00CB406C /* LaunchScreen.storyboard */ = {
			isa = PBXVariantGroup;
			children = (
				E741174C25F3EB4B00CB406C /* Base */,
			);
			name = LaunchScreen.storyboard;
			sourceTree = "<group>";
		};
/* End PBXVariantGroup section */

/* Begin XCBuildConfiguration section */
		E741174F25F3EB4B00CB406C /* Debug */ = {
			isa = XCBuildConfiguration;
			buildSettings = {
				ALWAYS_SEARCH_USER_PATHS = NO;
				CLANG_ANALYZER_NONNULL = YES;
				CLANG_ANALYZER_NUMBER_OBJECT_CONVERSION = YES_AGGRESSIVE;
				CLANG_CXX_LANGUAGE_STANDARD = "gnu++14";
				CLANG_CXX_LIBRARY = "libc++";
				CLANG_ENABLE_MODULES = YES;
				CLANG_ENABLE_OBJC_ARC = YES;
				CLANG_ENABLE_OBJC_WEAK = YES;
				CLANG_WARN_BLOCK_CAPTURE_AUTORELEASING = YES;
				CLANG_WARN_BOOL_CONVERSION = YES;
				CLANG_WARN_COMMA = YES;
				CLANG_WARN_CONSTANT_CONVERSION = YES;
				CLANG_WARN_DEPRECATED_OBJC_IMPLEMENTATIONS = YES;
				CLANG_WARN_DIRECT_OBJC_ISA_USAGE = YES_ERROR;
				CLANG_WARN_DOCUMENTATION_COMMENTS = YES;
				CLANG_WARN_EMPTY_BODY = YES;
				CLANG_WARN_ENUM_CONVERSION = YES;
				CLANG_WARN_INFINITE_RECURSION = YES;
				CLANG_WARN_INT_CONVERSION = YES;
				CLANG_WARN_NON_LITERAL_NULL_CONVERSION = YES;
				CLANG_WARN_OBJC_IMPLICIT_RETAIN_SELF = YES;
				CLANG_WARN_OBJC_LITERAL_CONVERSION = YES;
				CLANG_WARN_OBJC_ROOT_CLASS = YES_ERROR;
				CLANG_WARN_QUOTED_INCLUDE_IN_FRAMEWORK_HEADER = YES;
				CLANG_WARN_RANGE_LOOP_ANALYSIS = YES;
				CLANG_WARN_STRICT_PROTOTYPES = YES;
				CLANG_WARN_SUSPICIOUS_MOVE = YES;
				CLANG_WARN_UNGUARDED_AVAILABILITY = YES_AGGRESSIVE;
				CLANG_WARN_UNREACHABLE_CODE = YES;
				CLANG_WARN__DUPLICATE_METHOD_MATCH = YES;
				COPY_PHASE_STRIP = NO;
				DEBUG_INFORMATION_FORMAT = dwarf;
				ENABLE_STRICT_OBJC_MSGSEND = YES;
				ENABLE_TESTABILITY = YES;
				GCC_C_LANGUAGE_STANDARD = gnu11;
				GCC_DYNAMIC_NO_PIC = NO;
				GCC_NO_COMMON_BLOCKS = YES;
				GCC_OPTIMIZATION_LEVEL = 0;
				GCC_PREPROCESSOR_DEFINITIONS = (
					"DEBUG=1",
					"$(inherited)",
				);
				GCC_WARN_64_TO_32_BIT_CONVERSION = YES;
				GCC_WARN_ABOUT_RETURN_TYPE = YES_ERROR;
				GCC_WARN_UNDECLARED_SELECTOR = YES;
				GCC_WARN_UNINITIALIZED_AUTOS = YES_AGGRESSIVE;
				GCC_WARN_UNUSED_FUNCTION = YES;
				GCC_WARN_UNUSED_VARIABLE = YES;
				IPHONEOS_DEPLOYMENT_TARGET = 14.4;
				MTL_ENABLE_DEBUG_INFO = INCLUDE_SOURCE;
				MTL_FAST_MATH = YES;
				ONLY_ACTIVE_ARCH = YES;
				SDKROOT = iphoneos;
				SWIFT_ACTIVE_COMPILATION_CONDITIONS = DEBUG;
				SWIFT_OPTIMIZATION_LEVEL = "-Onone";
			};
			name = Debug;
		};
		E741175025F3EB4B00CB406C /* Release */ = {
			isa = XCBuildConfiguration;
			buildSettings = {
				ALWAYS_SEARCH_USER_PATHS = NO;
				CLANG_ANALYZER_NONNULL = YES;
				CLANG_ANALYZER_NUMBER_OBJECT_CONVERSION = YES_AGGRESSIVE;
				CLANG_CXX_LANGUAGE_STANDARD = "gnu++14";
				CLANG_CXX_LIBRARY = "libc++";
				CLANG_ENABLE_MODULES = YES;
				CLANG_ENABLE_OBJC_ARC = YES;
				CLANG_ENABLE_OBJC_WEAK = YES;
				CLANG_WARN_BLOCK_CAPTURE_AUTORELEASING = YES;
				CLANG_WARN_BOOL_CONVERSION = YES;
				CLANG_WARN_COMMA = YES;
				CLANG_WARN_CONSTANT_CONVERSION = YES;
				CLANG_WARN_DEPRECATED_OBJC_IMPLEMENTATIONS = YES;
				CLANG_WARN_DIRECT_OBJC_ISA_USAGE = YES_ERROR;
				CLANG_WARN_DOCUMENTATION_COMMENTS = YES;
				CLANG_WARN_EMPTY_BODY = YES;
				CLANG_WARN_ENUM_CONVERSION = YES;
				CLANG_WARN_INFINITE_RECURSION = YES;
				CLANG_WARN_INT_CONVERSION = YES;
				CLANG_WARN_NON_LITERAL_NULL_CONVERSION = YES;
				CLANG_WARN_OBJC_IMPLICIT_RETAIN_SELF = YES;
				CLANG_WARN_OBJC_LITERAL_CONVERSION = YES;
				CLANG_WARN_OBJC_ROOT_CLASS = YES_ERROR;
				CLANG_WARN_QUOTED_INCLUDE_IN_FRAMEWORK_HEADER = YES;
				CLANG_WARN_RANGE_LOOP_ANALYSIS = YES;
				CLANG_WARN_STRICT_PROTOTYPES = YES;
				CLANG_WARN_SUSPICIOUS_MOVE = YES;
				CLANG_WARN_UNGUARDED_AVAILABILITY = YES_AGGRESSIVE;
				CLANG_WARN_UNREACHABLE_CODE = YES;
				CLANG_WARN__DUPLICATE_METHOD_MATCH = YES;
				COPY_PHASE_STRIP = NO;
				DEBUG_INFORMATION_FORMAT = "dwarf-with-dsym";
				ENABLE_NS_ASSERTIONS = NO;
				ENABLE_STRICT_OBJC_MSGSEND = YES;
				GCC_C_LANGUAGE_STANDARD = gnu11;
				GCC_NO_COMMON_BLOCKS = YES;
				GCC_WARN_64_TO_32_BIT_CONVERSION = YES;
				GCC_WARN_ABOUT_RETURN_TYPE = YES_ERROR;
				GCC_WARN_UNDECLARED_SELECTOR = YES;
				GCC_WARN_UNINITIALIZED_AUTOS = YES_AGGRESSIVE;
				GCC_WARN_UNUSED_FUNCTION = YES;
				GCC_WARN_UNUSED_VARIABLE = YES;
				IPHONEOS_DEPLOYMENT_TARGET = 14.4;
				MTL_ENABLE_DEBUG_INFO = NO;
				MTL_FAST_MATH = YES;
				SDKROOT = iphoneos;
				SWIFT_COMPILATION_MODE = wholemodule;
				SWIFT_OPTIMIZATION_LEVEL = "-O";
				VALIDATE_PRODUCT = YES;
			};
			name = Release;
		};
		E741175225F3EB4B00CB406C /* Debug */ = {
			isa = XCBuildConfiguration;
			buildSettings = {
				ASSETCATALOG_COMPILER_APPICON_NAME = AppIcon;
				ASSETCATALOG_COMPILER_GLOBAL_ACCENT_COLOR_NAME = AccentColor;
				CODE_SIGN_STYLE = Automatic;
				DEVELOPMENT_TEAM = MY6ZXR826D;
				INFOPLIST_FILE = BullseyeDay4/Info.plist;
				LD_RUNPATH_SEARCH_PATHS = (
					"$(inherited)",
					"@executable_path/Frameworks",
				);
				PRODUCT_BUNDLE_IDENTIFIER = com.mason.Bullseye.BullseyeDay4;
				PRODUCT_NAME = "$(TARGET_NAME)";
				SWIFT_VERSION = 5.0;
				TARGETED_DEVICE_FAMILY = "1,2";
			};
			name = Debug;
		};
		E741175325F3EB4B00CB406C /* Release */ = {
			isa = XCBuildConfiguration;
			buildSettings = {
				ASSETCATALOG_COMPILER_APPICON_NAME = AppIcon;
				ASSETCATALOG_COMPILER_GLOBAL_ACCENT_COLOR_NAME = AccentColor;
				CODE_SIGN_STYLE = Automatic;
				DEVELOPMENT_TEAM = MY6ZXR826D;
				INFOPLIST_FILE = BullseyeDay4/Info.plist;
				LD_RUNPATH_SEARCH_PATHS = (
					"$(inherited)",
					"@executable_path/Frameworks",
				);
				PRODUCT_BUNDLE_IDENTIFIER = com.mason.Bullseye.BullseyeDay4;
				PRODUCT_NAME = "$(TARGET_NAME)";
				SWIFT_VERSION = 5.0;
				TARGETED_DEVICE_FAMILY = "1,2";
			};
			name = Release;
		};
/* End XCBuildConfiguration section */

/* Begin XCConfigurationList section */
		E741173825F3EB4A00CB406C /* Build configuration list for PBXProject "BullseyeDay4" */ = {
			isa = XCConfigurationList;
			buildConfigurations = (
				E741174F25F3EB4B00CB406C /* Debug */,
				E741175025F3EB4B00CB406C /* Release */,
			);
			defaultConfigurationIsVisible = 0;
			defaultConfigurationName = Release;
		};
		E741175125F3EB4B00CB406C /* Build configuration list for PBXNativeTarget "BullseyeDay4" */ = {
			isa = XCConfigurationList;
			buildConfigurations = (
				E741175225F3EB4B00CB406C /* Debug */,
				E741175325F3EB4B00CB406C /* Release */,
			);
			defaultConfigurationIsVisible = 0;
			defaultConfigurationName = Release;
		};
/* End XCConfigurationList section */
	};
	rootObject = E741173525F3EB4A00CB406C /* Project object */;
}
